
Microsoft Visual Studio Solution File, Format Version 12.00
# Visual Studio Version 17
VisualStudioVersion = 17.14.36518.9
MinimumVisualStudioVersion = 10.0.40219.1
Project("{FAE04EC0-301F-11D3-BF4B-00C04F79EFBC}") = "ReadNest_FE", "ReadNest-FE\ReadNest_FE.csproj", "{D9301D82-59E7-2B05-C96A-742154CF391D}"
EndProject
Project("{FAE04EC0-301F-11D3-BF4B-00C04F79EFBC}") = "ReadNest-Model", "..\..\Back-end\ReadNest-BE\ReadNest-Model\ReadNest-Model.csproj", "{A8CD3A21-ABA0-27FD-449E-FF846BDA18AE}"
EndProject
Global
	GlobalSection(SolutionConfigurationPlatforms) = preSolution
		Debug|Any CPU = Debug|Any CPU
		Release|Any CPU = Release|Any CPU
	EndGlobalSection
	GlobalSection(ProjectConfigurationPlatforms) = postSolution
		{D9301D82-59E7-2B05-C96A-742154CF391D}.Debug|Any CPU.ActiveCfg = Debug|Any CPU
		{D9301D82-59E7-2B05-C96A-742154CF391D}.Debug|Any CPU.Build.0 = Debug|Any CPU
		{D9301D82-59E7-2B05-C96A-742154CF391D}.Release|Any CPU.ActiveCfg = Release|Any CPU
		{D9301D82-59E7-2B05-C96A-742154CF391D}.Release|Any CPU.Build.0 = Release|Any CPU
		{A8CD3A21-ABA0-27FD-449E-FF846BDA18AE}.Debug|Any CPU.ActiveCfg = Debug|Any CPU
		{A8CD3A21-ABA0-27FD-449E-FF846BDA18AE}.Debug|Any CPU.Build.0 = Debug|Any CPU
		{A8CD3A21-ABA0-27FD-449E-FF846BDA18AE}.Release|Any CPU.ActiveCfg = Release|Any CPU
		{A8CD3A21-ABA0-27FD-449E-FF846BDA18AE}.Release|Any CPU.Build.0 = Release|Any CPU
	EndGlobalSection
	GlobalSection(SolutionProperties) = preSolution
		HideSolutionNode = FALSE
	EndGlobalSection
	GlobalSection(ExtensibilityGlobals) = postSolution
		SolutionGuid = {2EB9EA51-1BA3-43A8-A94C-B21FCEF947C4}
	EndGlobalSection
EndGlobal
