Microsoft Visual Studio Solution File, Format Version 12.00
# Visual Studio Version 17
VisualStudioVersion = 17.5.2.0
MinimumVisualStudioVersion = 10.0.40219.1
Project("{FAE04EC0-301F-11D3-BF4B-00C04F79EFBC}") = "User Site", "User Site.csproj", "{55FD92D0-7A75-A8D6-BEA4-F01AA93B0209}"
EndProject
Global
	GlobalSection(SolutionConfigurationPlatforms) = preSolution
		Debug|Any CPU = Debug|Any CPU
		Release|Any CPU = Release|Any CPU
	EndGlobalSection
	GlobalSection(ProjectConfigurationPlatforms) = postSolution
		{55FD92D0-7A75-A8D6-BEA4-F01AA93B0209}.Debug|Any CPU.ActiveCfg = Debug|Any CPU
		{55FD92D0-7A75-A8D6-BEA4-F01AA93B0209}.Debug|Any CPU.Build.0 = Debug|Any CPU
		{55FD92D0-7A75-A8D6-BEA4-F01AA93B0209}.Release|Any CPU.ActiveCfg = Release|Any CPU
		{55FD92D0-7A75-A8D6-BEA4-F01AA93B0209}.Release|Any CPU.Build.0 = Release|Any CPU
	EndGlobalSection
	GlobalSection(SolutionProperties) = preSolution
		HideSolutionNode = FALSE
	EndGlobalSection
	GlobalSection(ExtensibilityGlobals) = postSolution
		SolutionGuid = {F52C41CE-02E6-49B3-9EDF-EF2E5F478B39}
	EndGlobalSection
EndGlobal
