Microsoft Visual Studio Solution File, Format Version 12.00
# Visual Studio Version 17
VisualStudioVersion = 17.5.2.0
MinimumVisualStudioVersion = 10.0.40219.1
Project("{FAE04EC0-301F-11D3-BF4B-00C04F79EFBC}") = "ReadNest-BE", "ReadNest-BE.csproj", "{5E09921C-CE4F-79BE-B088-EECAFEF2B21C}"
EndProject
Global
	GlobalSection(SolutionConfigurationPlatforms) = preSolution
		Debug|Any CPU = Debug|Any CPU
		Release|Any CPU = Release|Any CPU
	EndGlobalSection
	GlobalSection(ProjectConfigurationPlatforms) = postSolution
		{5E09921C-CE4F-79BE-B088-EECAFEF2B21C}.Debug|Any CPU.ActiveCfg = Debug|Any CPU
		{5E09921C-CE4F-79BE-B088-EECAFEF2B21C}.Debug|Any CPU.Build.0 = Debug|Any CPU
		{5E09921C-CE4F-79BE-B088-EECAFEF2B21C}.Release|Any CPU.ActiveCfg = Release|Any CPU
		{5E09921C-CE4F-79BE-B088-EECAFEF2B21C}.Release|Any CPU.Build.0 = Release|Any CPU
	EndGlobalSection
	GlobalSection(SolutionProperties) = preSolution
		HideSolutionNode = FALSE
	EndGlobalSection
	GlobalSection(ExtensibilityGlobals) = postSolution
		SolutionGuid = {EB9C83FE-3D7A-4AB1-880D-6A516A5EE376}
	EndGlobalSection
EndGlobal
